// !$*UTF8*$!
{
	archiveVersion = 1;
	classes = {
	};
	objectVersion = 46;
	objects = {

/* Begin PBXBuildFile section */
		300AA3E21A81B7F70085AADA /* BriefViewController.m in Sources */ = {isa = PBXBuildFile; fileRef = 300AA3E11A81B7F70085AADA /* BriefViewController.m */; };
		300AA3E41A8218090085AADA /* gtk_cancel.png in Resources */ = {isa = PBXBuildFile; fileRef = 300AA3E31A8218090085AADA /* gtk_cancel.png */; };
		300AA3E61A8227AB0085AADA /* AboutViewController.m in Sources */ = {isa = PBXBuildFile; fileRef = 300AA3E51A8227AB0085AADA /* AboutViewController.m */; };
		30652F561A807DEB005A27DE /* switch_camera.png in Resources */ = {isa = PBXBuildFile; fileRef = 30652F551A807DEB005A27DE /* switch_camera.png */; };
		30652F591A8081B4005A27DE /* CameraViewController.mm in Sources */ = {isa = PBXBuildFile; fileRef = 30652F581A8081B4005A27DE /* CameraViewController.mm */; };
		30652F5B1A809847005A27DE /* opencv2.framework in Frameworks */ = {isa = PBXBuildFile; fileRef = 30652F5A1A809847005A27DE /* opencv2.framework */; };
		30652F5D1A809851005A27DE /* AVFoundation.framework in Frameworks */ = {isa = PBXBuildFile; fileRef = 30652F5C1A809851005A27DE /* AVFoundation.framework */; };
		30652F5F1A809859005A27DE /* Accelerate.framework in Frameworks */ = {isa = PBXBuildFile; fileRef = 30652F5E1A809859005A27DE /* Accelerate.framework */; };
		30652F611A809874005A27DE /* QuartzCore.framework in Frameworks */ = {isa = PBXBuildFile; fileRef = 30652F601A809874005A27DE /* QuartzCore.framework */; };
		30652F631A809883005A27DE /* UIKit.framework in Frameworks */ = {isa = PBXBuildFile; fileRef = 30652F621A809883005A27DE /* UIKit.framework */; };
		30652F651A809D52005A27DE /* CoreGraphics.framework in Frameworks */ = {isa = PBXBuildFile; fileRef = 30652F641A809D52005A27DE /* CoreGraphics.framework */; };
		30652F671A809D70005A27DE /* CoreMotion.framework in Frameworks */ = {isa = PBXBuildFile; fileRef = 30652F661A809D70005A27DE /* CoreMotion.framework */; };
		30652F691A809D8C005A27DE /* OpenGLES.framework in Frameworks */ = {isa = PBXBuildFile; fileRef = 30652F681A809D8C005A27DE /* OpenGLES.framework */; };
		30652F6B1A809DE5005A27DE /* CoreMedia.framework in Frameworks */ = {isa = PBXBuildFile; fileRef = 30652F6A1A809DE5005A27DE /* CoreMedia.framework */; };
		30652F6D1A809E36005A27DE /* CoreVideo.framework in Frameworks */ = {isa = PBXBuildFile; fileRef = 30652F6C1A809E36005A27DE /* CoreVideo.framework */; };
		30652F701A80A703005A27DE /* CameraView.m in Sources */ = {isa = PBXBuildFile; fileRef = 30652F6F1A80A703005A27DE /* CameraView.m */; };
		306DFC031A7F8AE600E78693 /* main.m in Sources */ = {isa = PBXBuildFile; fileRef = 306DFC021A7F8AE600E78693 /* main.m */; };
		306DFC061A7F8AE600E78693 /* AppDelegate.m in Sources */ = {isa = PBXBuildFile; fileRef = 306DFC051A7F8AE600E78693 /* AppDelegate.m */; };
		306DFC091A7F8AE600E78693 /* ViewController.m in Sources */ = {isa = PBXBuildFile; fileRef = 306DFC081A7F8AE600E78693 /* ViewController.m */; };
		306DFC0C1A7F8AE600E78693 /* Main.storyboard in Resources */ = {isa = PBXBuildFile; fileRef = 306DFC0A1A7F8AE600E78693 /* Main.storyboard */; };
		306DFC0E1A7F8AE600E78693 /* Images.xcassets in Resources */ = {isa = PBXBuildFile; fileRef = 306DFC0D1A7F8AE600E78693 /* Images.xcassets */; };
		306DFC111A7F8AE600E78693 /* LaunchScreen.xib in Resources */ = {isa = PBXBuildFile; fileRef = 306DFC0F1A7F8AE600E78693 /* LaunchScreen.xib */; };
		306DFC1D1A7F8AE600E78693 /* ComicARTests.m in Sources */ = {isa = PBXBuildFile; fileRef = 306DFC1C1A7F8AE600E78693 /* ComicARTests.m */; };
/* End PBXBuildFile section */

/* Begin PBXContainerItemProxy section */
		306DFC171A7F8AE600E78693 /* PBXContainerItemProxy */ = {
			isa = PBXContainerItemProxy;
			containerPortal = 306DFBF51A7F8AE600E78693 /* Project object */;
			proxyType = 1;
			remoteGlobalIDString = 306DFBFC1A7F8AE600E78693;
			remoteInfo = ComicAR;
		};
/* End PBXContainerItemProxy section */

/* Begin PBXFileReference section */
		300AA3E01A81B7DD0085AADA /* BriefViewController.h */ = {isa = PBXFileReference; fileEncoding = 4; lastKnownFileType = sourcecode.c.h; path = BriefViewController.h; sourceTree = "<group>"; };
		300AA3E11A81B7F70085AADA /* BriefViewController.m */ = {isa = PBXFileReference; fileEncoding = 4; lastKnownFileType = sourcecode.c.objc; path = BriefViewController.m; sourceTree = "<group>"; };
		300AA3E31A8218090085AADA /* gtk_cancel.png */ = {isa = PBXFileReference; lastKnownFileType = image.png; path = gtk_cancel.png; sourceTree = "<group>"; };
		300AA3E51A8227AB0085AADA /* AboutViewController.m */ = {isa = PBXFileReference; fileEncoding = 4; lastKnownFileType = sourcecode.c.objc; path = AboutViewController.m; sourceTree = "<group>"; };
		30652F551A807DEB005A27DE /* switch_camera.png */ = {isa = PBXFileReference; lastKnownFileType = image.png; path = switch_camera.png; sourceTree = "<group>"; };
		30652F571A80814B005A27DE /* CameraViewController.h */ = {isa = PBXFileReference; fileEncoding = 4; lastKnownFileType = sourcecode.c.h; path = CameraViewController.h; sourceTree = "<group>"; };
		30652F581A8081B4005A27DE /* CameraViewController.mm */ = {isa = PBXFileReference; fileEncoding = 4; lastKnownFileType = sourcecode.cpp.objcpp; path = CameraViewController.mm; sourceTree = "<group>"; };
		30652F5A1A809847005A27DE /* opencv2.framework */ = {isa = PBXFileReference; lastKnownFileType = wrapper.framework; name = opencv2.framework; path = ../../Downloads/opencv2.framework; sourceTree = "<group>"; };
		30652F5C1A809851005A27DE /* AVFoundation.framework */ = {isa = PBXFileReference; lastKnownFileType = wrapper.framework; name = AVFoundation.framework; path = System/Library/Frameworks/AVFoundation.framework; sourceTree = SDKROOT; };
		30652F5E1A809859005A27DE /* Accelerate.framework */ = {isa = PBXFileReference; lastKnownFileType = wrapper.framework; name = Accelerate.framework; path = System/Library/Frameworks/Accelerate.framework; sourceTree = SDKROOT; };
		30652F601A809874005A27DE /* QuartzCore.framework */ = {isa = PBXFileReference; lastKnownFileType = wrapper.framework; name = QuartzCore.framework; path = System/Library/Frameworks/QuartzCore.framework; sourceTree = SDKROOT; };
		30652F621A809883005A27DE /* UIKit.framework */ = {isa = PBXFileReference; lastKnownFileType = wrapper.framework; name = UIKit.framework; path = System/Library/Frameworks/UIKit.framework; sourceTree = SDKROOT; };
		30652F641A809D52005A27DE /* CoreGraphics.framework */ = {isa = PBXFileReference; lastKnownFileType = wrapper.framework; name = CoreGraphics.framework; path = System/Library/Frameworks/CoreGraphics.framework; sourceTree = SDKROOT; };
		30652F661A809D70005A27DE /* CoreMotion.framework */ = {isa = PBXFileReference; lastKnownFileType = wrapper.framework; name = CoreMotion.framework; path = System/Library/Frameworks/CoreMotion.framework; sourceTree = SDKROOT; };
		30652F681A809D8C005A27DE /* OpenGLES.framework */ = {isa = PBXFileReference; lastKnownFileType = wrapper.framework; name = OpenGLES.framework; path = System/Library/Frameworks/OpenGLES.framework; sourceTree = SDKROOT; };
		30652F6A1A809DE5005A27DE /* CoreMedia.framework */ = {isa = PBXFileReference; lastKnownFileType = wrapper.framework; name = CoreMedia.framework; path = System/Library/Frameworks/CoreMedia.framework; sourceTree = SDKROOT; };
		30652F6C1A809E36005A27DE /* CoreVideo.framework */ = {isa = PBXFileReference; lastKnownFileType = wrapper.framework; name = CoreVideo.framework; path = System/Library/Frameworks/CoreVideo.framework; sourceTree = SDKROOT; };
		30652F6E1A80A703005A27DE /* CameraView.h */ = {isa = PBXFileReference; fileEncoding = 4; lastKnownFileType = sourcecode.c.h; path = CameraView.h; sourceTree = "<group>"; };
		30652F6F1A80A703005A27DE /* CameraView.m */ = {isa = PBXFileReference; fileEncoding = 4; lastKnownFileType = sourcecode.c.objc; path = CameraView.m; sourceTree = "<group>"; };
		306DFBFD1A7F8AE600E78693 /* ComicAR.app */ = {isa = PBXFileReference; explicitFileType = wrapper.application; includeInIndex = 0; path = ComicAR.app; sourceTree = BUILT_PRODUCTS_DIR; };
		306DFC011A7F8AE600E78693 /* Info.plist */ = {isa = PBXFileReference; lastKnownFileType = text.plist.xml; path = Info.plist; sourceTree = "<group>"; };
		306DFC021A7F8AE600E78693 /* main.m */ = {isa = PBXFileReference; lastKnownFileType = sourcecode.c.objc; path = main.m; sourceTree = "<group>"; };
		306DFC041A7F8AE600E78693 /* AppDelegate.h */ = {isa = PBXFileReference; lastKnownFileType = sourcecode.c.h; path = AppDelegate.h; sourceTree = "<group>"; };
		306DFC051A7F8AE600E78693 /* AppDelegate.m */ = {isa = PBXFileReference; lastKnownFileType = sourcecode.c.objc; path = AppDelegate.m; sourceTree = "<group>"; };
		306DFC071A7F8AE600E78693 /* ViewController.h */ = {isa = PBXFileReference; lastKnownFileType = sourcecode.c.h; path = ViewController.h; sourceTree = "<group>"; };
		306DFC081A7F8AE600E78693 /* ViewController.m */ = {isa = PBXFileReference; lastKnownFileType = sourcecode.c.objc; path = ViewController.m; sourceTree = "<group>"; };
		306DFC0B1A7F8AE600E78693 /* Base */ = {isa = PBXFileReference; lastKnownFileType = file.storyboard; name = Base; path = Base.lproj/Main.storyboard; sourceTree = "<group>"; };
		306DFC0D1A7F8AE600E78693 /* Images.xcassets */ = {isa = PBXFileReference; lastKnownFileType = folder.assetcatalog; path = Images.xcassets; sourceTree = "<group>"; };
		306DFC101A7F8AE600E78693 /* Base */ = {isa = PBXFileReference; lastKnownFileType = file.xib; name = Base; path = Base.lproj/LaunchScreen.xib; sourceTree = "<group>"; };
		306DFC161A7F8AE600E78693 /* ComicARTests.xctest */ = {isa = PBXFileReference; explicitFileType = wrapper.cfbundle; includeInIndex = 0; path = ComicARTests.xctest; sourceTree = BUILT_PRODUCTS_DIR; };
		306DFC1B1A7F8AE600E78693 /* Info.plist */ = {isa = PBXFileReference; lastKnownFileType = text.plist.xml; path = Info.plist; sourceTree = "<group>"; };
		306DFC1C1A7F8AE600E78693 /* ComicARTests.m */ = {isa = PBXFileReference; lastKnownFileType = sourcecode.c.objc; path = ComicARTests.m; sourceTree = "<group>"; };
		3092C69A1A823EB6007498E2 /* AboutViewController.h */ = {isa = PBXFileReference; lastKnownFileType = sourcecode.c.h; path = AboutViewController.h; sourceTree = "<group>"; };
/* End PBXFileReference section */

/* Begin PBXFrameworksBuildPhase section */
		306DFBFA1A7F8AE600E78693 /* Frameworks */ = {
			isa = PBXFrameworksBuildPhase;
			buildActionMask = 2147483647;
			files = (
				30652F6D1A809E36005A27DE /* CoreVideo.framework in Frameworks */,
				30652F671A809D70005A27DE /* CoreMotion.framework in Frameworks */,
				30652F6B1A809DE5005A27DE /* CoreMedia.framework in Frameworks */,
				30652F691A809D8C005A27DE /* OpenGLES.framework in Frameworks */,
				30652F651A809D52005A27DE /* CoreGraphics.framework in Frameworks */,
				30652F631A809883005A27DE /* UIKit.framework in Frameworks */,
				30652F611A809874005A27DE /* QuartzCore.framework in Frameworks */,
				30652F5F1A809859005A27DE /* Accelerate.framework in Frameworks */,
				30652F5D1A809851005A27DE /* AVFoundation.framework in Frameworks */,
				30652F5B1A809847005A27DE /* opencv2.framework in Frameworks */,
			);
			runOnlyForDeploymentPostprocessing = 0;
		};
		306DFC131A7F8AE600E78693 /* Frameworks */ = {
			isa = PBXFrameworksBuildPhase;
			buildActionMask = 2147483647;
			files = (
			);
			runOnlyForDeploymentPostprocessing = 0;
		};
/* End PBXFrameworksBuildPhase section */

/* Begin PBXGroup section */
		30652F711A80C840005A27DE /* Framework */ = {
			isa = PBXGroup;
			children = (
				30652F6C1A809E36005A27DE /* CoreVideo.framework */,
				30652F6A1A809DE5005A27DE /* CoreMedia.framework */,
				30652F681A809D8C005A27DE /* OpenGLES.framework */,
				30652F661A809D70005A27DE /* CoreMotion.framework */,
				30652F641A809D52005A27DE /* CoreGraphics.framework */,
				30652F621A809883005A27DE /* UIKit.framework */,
				30652F601A809874005A27DE /* QuartzCore.framework */,
				30652F5E1A809859005A27DE /* Accelerate.framework */,
				30652F5C1A809851005A27DE /* AVFoundation.framework */,
				30652F5A1A809847005A27DE /* opencv2.framework */,
			);
			name = Framework;
			sourceTree = "<group>";
		};
		306DFBF41A7F8AE600E78693 = {
			isa = PBXGroup;
			children = (
				306DFBFF1A7F8AE600E78693 /* ComicAR */,
				30652F711A80C840005A27DE /* Framework */,
				306DFC191A7F8AE600E78693 /* ComicARTests */,
				306DFBFE1A7F8AE600E78693 /* Products */,
			);
			sourceTree = "<group>";
		};
		306DFBFE1A7F8AE600E78693 /* Products */ = {
			isa = PBXGroup;
			children = (
				306DFBFD1A7F8AE600E78693 /* ComicAR.app */,
				306DFC161A7F8AE600E78693 /* ComicARTests.xctest */,
			);
			name = Products;
			sourceTree = "<group>";
		};
		306DFBFF1A7F8AE600E78693 /* ComicAR */ = {
			isa = PBXGroup;
			children = (
				306DFC041A7F8AE600E78693 /* AppDelegate.h */,
				306DFC051A7F8AE600E78693 /* AppDelegate.m */,
				30652F6E1A80A703005A27DE /* CameraView.h */,
				30652F6F1A80A703005A27DE /* CameraView.m */,
				306DFC071A7F8AE600E78693 /* ViewController.h */,
				306DFC081A7F8AE600E78693 /* ViewController.m */,
				30652F571A80814B005A27DE /* CameraViewController.h */,
				30652F581A8081B4005A27DE /* CameraViewController.mm */,
				300AA3E01A81B7DD0085AADA /* BriefViewController.h */,
				300AA3E11A81B7F70085AADA /* BriefViewController.m */,
				3092C69A1A823EB6007498E2 /* AboutViewController.h */,
				300AA3E51A8227AB0085AADA /* AboutViewController.m */,
				306DFC0A1A7F8AE600E78693 /* Main.storyboard */,
				300AA3E31A8218090085AADA /* gtk_cancel.png */,
				30652F551A807DEB005A27DE /* switch_camera.png */,
				306DFC0D1A7F8AE600E78693 /* Images.xcassets */,
				306DFC0F1A7F8AE600E78693 /* LaunchScreen.xib */,
				306DFC001A7F8AE600E78693 /* Supporting Files */,
			);
			path = ComicAR;
			sourceTree = "<group>";
		};
		306DFC001A7F8AE600E78693 /* Supporting Files */ = {
			isa = PBXGroup;
			children = (
				306DFC011A7F8AE600E78693 /* Info.plist */,
				306DFC021A7F8AE600E78693 /* main.m */,
			);
			name = "Supporting Files";
			sourceTree = "<group>";
		};
		306DFC191A7F8AE600E78693 /* ComicARTests */ = {
			isa = PBXGroup;
			children = (
				306DFC1C1A7F8AE600E78693 /* ComicARTests.m */,
				306DFC1A1A7F8AE600E78693 /* Supporting Files */,
			);
			path = ComicARTests;
			sourceTree = "<group>";
		};
		306DFC1A1A7F8AE600E78693 /* Supporting Files */ = {
			isa = PBXGroup;
			children = (
				306DFC1B1A7F8AE600E78693 /* Info.plist */,
			);
			name = "Supporting Files";
			sourceTree = "<group>";
		};
/* End PBXGroup section */

/* Begin PBXNativeTarget section */
		306DFBFC1A7F8AE600E78693 /* ComicAR */ = {
			isa = PBXNativeTarget;
			buildConfigurationList = 306DFC201A7F8AE600E78693 /* Build configuration list for PBXNativeTarget "ComicAR" */;
			buildPhases = (
				306DFBF91A7F8AE600E78693 /* Sources */,
				306DFBFA1A7F8AE600E78693 /* Frameworks */,
				306DFBFB1A7F8AE600E78693 /* Resources */,
			);
			buildRules = (
			);
			dependencies = (
			);
			name = ComicAR;
			productName = ComicAR;
			productReference = 306DFBFD1A7F8AE600E78693 /* ComicAR.app */;
			productType = "com.apple.product-type.application";
		};
		306DFC151A7F8AE600E78693 /* ComicARTests */ = {
			isa = PBXNativeTarget;
			buildConfigurationList = 306DFC231A7F8AE600E78693 /* Build configuration list for PBXNativeTarget "ComicARTests" */;
			buildPhases = (
				306DFC121A7F8AE600E78693 /* Sources */,
				306DFC131A7F8AE600E78693 /* Frameworks */,
				306DFC141A7F8AE600E78693 /* Resources */,
			);
			buildRules = (
			);
			dependencies = (
				306DFC181A7F8AE600E78693 /* PBXTargetDependency */,
			);
			name = ComicARTests;
			productName = ComicARTests;
			productReference = 306DFC161A7F8AE600E78693 /* ComicARTests.xctest */;
			productType = "com.apple.product-type.bundle.unit-test";
		};
/* End PBXNativeTarget section */

/* Begin PBXProject section */
		306DFBF51A7F8AE600E78693 /* Project object */ = {
			isa = PBXProject;
			attributes = {
				LastUpgradeCheck = 0610;
				ORGANIZATIONNAME = "靳杰";
				TargetAttributes = {
					306DFBFC1A7F8AE600E78693 = {
						CreatedOnToolsVersion = 6.1.1;
					};
					306DFC151A7F8AE600E78693 = {
						CreatedOnToolsVersion = 6.1.1;
						TestTargetID = 306DFBFC1A7F8AE600E78693;
					};
				};
			};
			buildConfigurationList = 306DFBF81A7F8AE600E78693 /* Build configuration list for PBXProject "ComicAR" */;
			compatibilityVersion = "Xcode 3.2";
			developmentRegion = English;
			hasScannedForEncodings = 0;
			knownRegions = (
				en,
				Base,
			);
			mainGroup = 306DFBF41A7F8AE600E78693;
			productRefGroup = 306DFBFE1A7F8AE600E78693 /* Products */;
			projectDirPath = "";
			projectRoot = "";
			targets = (
				306DFBFC1A7F8AE600E78693 /* ComicAR */,
				306DFC151A7F8AE600E78693 /* ComicARTests */,
			);
		};
/* End PBXProject section */

/* Begin PBXResourcesBuildPhase section */
		306DFBFB1A7F8AE600E78693 /* Resources */ = {
			isa = PBXResourcesBuildPhase;
			buildActionMask = 2147483647;
			files = (
				300AA3E41A8218090085AADA /* gtk_cancel.png in Resources */,
				306DFC0C1A7F8AE600E78693 /* Main.storyboard in Resources */,
				306DFC111A7F8AE600E78693 /* LaunchScreen.xib in Resources */,
				30652F561A807DEB005A27DE /* switch_camera.png in Resources */,
				306DFC0E1A7F8AE600E78693 /* Images.xcassets in Resources */,
			);
			runOnlyForDeploymentPostprocessing = 0;
		};
		306DFC141A7F8AE600E78693 /* Resources */ = {
			isa = PBXResourcesBuildPhase;
			buildActionMask = 2147483647;
			files = (
			);
			runOnlyForDeploymentPostprocessing = 0;
		};
/* End PBXResourcesBuildPhase section */

/* Begin PBXSourcesBuildPhase section */
		306DFBF91A7F8AE600E78693 /* Sources */ = {
			isa = PBXSourcesBuildPhase;
			buildActionMask = 2147483647;
			files = (
				306DFC091A7F8AE600E78693 /* ViewController.m in Sources */,
				300AA3E21A81B7F70085AADA /* BriefViewController.m in Sources */,
				30652F591A8081B4005A27DE /* CameraViewController.mm in Sources */,
				300AA3E61A8227AB0085AADA /* AboutViewController.m in Sources */,
				30652F701A80A703005A27DE /* CameraView.m in Sources */,
				306DFC061A7F8AE600E78693 /* AppDelegate.m in Sources */,
				306DFC031A7F8AE600E78693 /* main.m in Sources */,
			);
			runOnlyForDeploymentPostprocessing = 0;
		};
		306DFC121A7F8AE600E78693 /* Sources */ = {
			isa = PBXSourcesBuildPhase;
			buildActionMask = 2147483647;
			files = (
				306DFC1D1A7F8AE600E78693 /* ComicARTests.m in Sources */,
			);
			runOnlyForDeploymentPostprocessing = 0;
		};
/* End PBXSourcesBuildPhase section */

/* Begin PBXTargetDependency section */
		306DFC181A7F8AE600E78693 /* PBXTargetDependency */ = {
			isa = PBXTargetDependency;
			target = 306DFBFC1A7F8AE600E78693 /* ComicAR */;
			targetProxy = 306DFC171A7F8AE600E78693 /* PBXContainerItemProxy */;
		};
/* End PBXTargetDependency section */

/* Begin PBXVariantGroup section */
		306DFC0A1A7F8AE600E78693 /* Main.storyboard */ = {
			isa = PBXVariantGroup;
			children = (
				306DFC0B1A7F8AE600E78693 /* Base */,
			);
			name = Main.storyboard;
			sourceTree = "<group>";
		};
		306DFC0F1A7F8AE600E78693 /* LaunchScreen.xib */ = {
			isa = PBXVariantGroup;
			children = (
				306DFC101A7F8AE600E78693 /* Base */,
			);
			name = LaunchScreen.xib;
			sourceTree = "<group>";
		};
/* End PBXVariantGroup section */

/* Begin XCBuildConfiguration section */
		306DFC1E1A7F8AE600E78693 /* Debug */ = {
			isa = XCBuildConfiguration;
			buildSettings = {
				ALWAYS_SEARCH_USER_PATHS = NO;
				CLANG_CXX_LANGUAGE_STANDARD = "gnu++0x";
				CLANG_CXX_LIBRARY = "libc++";
				CLANG_ENABLE_MODULES = YES;
				CLANG_ENABLE_OBJC_ARC = YES;
				CLANG_WARN_BOOL_CONVERSION = YES;
				CLANG_WARN_CONSTANT_CONVERSION = YES;
				CLANG_WARN_DIRECT_OBJC_ISA_USAGE = YES_ERROR;
				CLANG_WARN_EMPTY_BODY = YES;
				CLANG_WARN_ENUM_CONVERSION = YES;
				CLANG_WARN_INT_CONVERSION = YES;
				CLANG_WARN_OBJC_ROOT_CLASS = YES_ERROR;
				CLANG_WARN_UNREACHABLE_CODE = YES;
				CLANG_WARN__DUPLICATE_METHOD_MATCH = YES;
				"CODE_SIGN_IDENTITY[sdk=iphoneos*]" = "iPhone Developer";
				COPY_PHASE_STRIP = NO;
				ENABLE_STRICT_OBJC_MSGSEND = YES;
				GCC_C_LANGUAGE_STANDARD = gnu99;
				GCC_DYNAMIC_NO_PIC = NO;
				GCC_OPTIMIZATION_LEVEL = 0;
				GCC_PREPROCESSOR_DEFINITIONS = (
					"DEBUG=1",
					"$(inherited)",
				);
				GCC_SYMBOLS_PRIVATE_EXTERN = NO;
				GCC_WARN_64_TO_32_BIT_CONVERSION = YES;
				GCC_WARN_ABOUT_RETURN_TYPE = YES_ERROR;
				GCC_WARN_UNDECLARED_SELECTOR = YES;
				GCC_WARN_UNINITIALIZED_AUTOS = YES_AGGRESSIVE;
				GCC_WARN_UNUSED_FUNCTION = YES;
				GCC_WARN_UNUSED_VARIABLE = YES;
				IPHONEOS_DEPLOYMENT_TARGET = 8.1;
				MTL_ENABLE_DEBUG_INFO = YES;
				ONLY_ACTIVE_ARCH = YES;
				SDKROOT = iphoneos;
				TARGETED_DEVICE_FAMILY = "1,2";
			};
			name = Debug;
		};
		306DFC1F1A7F8AE600E78693 /* Release */ = {
			isa = XCBuildConfiguration;
			buildSettings = {
				ALWAYS_SEARCH_USER_PATHS = NO;
				CLANG_CXX_LANGUAGE_STANDARD = "gnu++0x";
				CLANG_CXX_LIBRARY = "libc++";
				CLANG_ENABLE_MODULES = YES;
				CLANG_ENABLE_OBJC_ARC = YES;
				CLANG_WARN_BOOL_CONVERSION = YES;
				CLANG_WARN_CONSTANT_CONVERSION = YES;
				CLANG_WARN_DIRECT_OBJC_ISA_USAGE = YES_ERROR;
				CLANG_WARN_EMPTY_BODY = YES;
				CLANG_WARN_ENUM_CONVERSION = YES;
				CLANG_WARN_INT_CONVERSION = YES;
				CLANG_WARN_OBJC_ROOT_CLASS = YES_ERROR;
				CLANG_WARN_UNREACHABLE_CODE = YES;
				CLANG_WARN__DUPLICATE_METHOD_MATCH = YES;
				"CODE_SIGN_IDENTITY[sdk=iphoneos*]" = "iPhone Developer";
				COPY_PHASE_STRIP = YES;
				ENABLE_NS_ASSERTIONS = NO;
				ENABLE_STRICT_OBJC_MSGSEND = YES;
				GCC_C_LANGUAGE_STANDARD = gnu99;
				GCC_WARN_64_TO_32_BIT_CONVERSION = YES;
				GCC_WARN_ABOUT_RETURN_TYPE = YES_ERROR;
				GCC_WARN_UNDECLARED_SELECTOR = YES;
				GCC_WARN_UNINITIALIZED_AUTOS = YES_AGGRESSIVE;
				GCC_WARN_UNUSED_FUNCTION = YES;
				GCC_WARN_UNUSED_VARIABLE = YES;
				IPHONEOS_DEPLOYMENT_TARGET = 8.1;
				MTL_ENABLE_DEBUG_INFO = NO;
				SDKROOT = iphoneos;
				TARGETED_DEVICE_FAMILY = "1,2";
				VALIDATE_PRODUCT = YES;
			};
			name = Release;
		};
		306DFC211A7F8AE600E78693 /* Debug */ = {
			isa = XCBuildConfiguration;
			buildSettings = {
				ASSETCATALOG_COMPILER_APPICON_NAME = AppIcon;
				FRAMEWORK_SEARCH_PATHS = (
					"$(inherited)",
					/Users/jinjie/Downloads,
				);
				GCC_INPUT_FILETYPE = automatic;
				INFOPLIST_FILE = ComicAR/Info.plist;
				LD_RUNPATH_SEARCH_PATHS = "$(inherited) @executable_path/Frameworks";
				PRODUCT_NAME = "$(TARGET_NAME)";
				TARGETED_DEVICE_FAMILY = "1,2";
			};
			name = Debug;
		};
		306DFC221A7F8AE600E78693 /* Release */ = {
			isa = XCBuildConfiguration;
			buildSettings = {
				ASSETCATALOG_COMPILER_APPICON_NAME = AppIcon;
				FRAMEWORK_SEARCH_PATHS = (
					"$(inherited)",
					/Users/jinjie/Downloads,
				);
				GCC_INPUT_FILETYPE = automatic;
				INFOPLIST_FILE = ComicAR/Info.plist;
				LD_RUNPATH_SEARCH_PATHS = "$(inherited) @executable_path/Frameworks";
				PRODUCT_NAME = "$(TARGET_NAME)";
				TARGETED_DEVICE_FAMILY = "1,2";
			};
			name = Release;
		};
		306DFC241A7F8AE600E78693 /* Debug */ = {
			isa = XCBuildConfiguration;
			buildSettings = {
				BUNDLE_LOADER = "$(TEST_HOST)";
				FRAMEWORK_SEARCH_PATHS = (
					"$(SDKROOT)/Developer/Library/Frameworks",
					"$(inherited)",
				);
				GCC_PREPROCESSOR_DEFINITIONS = (
					"DEBUG=1",
					"$(inherited)",
				);
				INFOPLIST_FILE = ComicARTests/Info.plist;
				LD_RUNPATH_SEARCH_PATHS = "$(inherited) @executable_path/Frameworks @loader_path/Frameworks";
				PRODUCT_NAME = "$(TARGET_NAME)";
				TEST_HOST = "$(BUILT_PRODUCTS_DIR)/ComicAR.app/ComicAR";
			};
			name = Debug;
		};
		306DFC251A7F8AE600E78693 /* Release */ = {
			isa = XCBuildConfiguration;
			buildSettings = {
				BUNDLE_LOADER = "$(TEST_HOST)";
				FRAMEWORK_SEARCH_PATHS = (
					"$(SDKROOT)/Developer/Library/Frameworks",
					"$(inherited)",
				);
				INFOPLIST_FILE = ComicARTests/Info.plist;
				LD_RUNPATH_SEARCH_PATHS = "$(inherited) @executable_path/Frameworks @loader_path/Frameworks";
				PRODUCT_NAME = "$(TARGET_NAME)";
				TEST_HOST = "$(BUILT_PRODUCTS_DIR)/ComicAR.app/ComicAR";
			};
			name = Release;
		};
/* End XCBuildConfiguration section */

/* Begin XCConfigurationList section */
		306DFBF81A7F8AE600E78693 /* Build configuration list for PBXProject "ComicAR" */ = {
			isa = XCConfigurationList;
			buildConfigurations = (
				306DFC1E1A7F8AE600E78693 /* Debug */,
				306DFC1F1A7F8AE600E78693 /* Release */,
			);
			defaultConfigurationIsVisible = 0;
			defaultConfigurationName = Release;
		};
		306DFC201A7F8AE600E78693 /* Build configuration list for PBXNativeTarget "ComicAR" */ = {
			isa = XCConfigurationList;
			buildConfigurations = (
				306DFC211A7F8AE600E78693 /* Debug */,
				306DFC221A7F8AE600E78693 /* Release */,
			);
			defaultConfigurationIsVisible = 0;
			defaultConfigurationName = Release;
		};
		306DFC231A7F8AE600E78693 /* Build configuration list for PBXNativeTarget "ComicARTests" */ = {
			isa = XCConfigurationList;
			buildConfigurations = (
				306DFC241A7F8AE600E78693 /* Debug */,
				306DFC251A7F8AE600E78693 /* Release */,
			);
			defaultConfigurationIsVisible = 0;
			defaultConfigurationName = Release;
		};
/* End XCConfigurationList section */
	};
	rootObject = 306DFBF51A7F8AE600E78693 /* Project object */;
}
